{
  "name": "server",
  "version": "1.0.0",
  "lockfileVersion": 3,
  "requires": true,
  "packages": {
    "": {
      "name": "server",
      "version": "1.0.0",
      "license": "ISC",
      "dependencies": {
        "dotenv": "^17.2.3",
        "dotevn": "^0.0.1-security"
      }
    },
    "node_modules/dotenv": {
      "version": "17.2.3",
      "resolved": "https://registry.npmjs.org/dotenv/-/dotenv-17.2.3.tgz",
      "integrity": "sha512-JVUnt+DUIzu87TABbhPmNfVdBDt18BLOWjMUFJMSi/Qqg7NTYtabbvSNJGOJ7afbRuv9D/lngizHtP7QyLQ+9w==",
      "license": "BSD-2-Clause",
      "engines": {
        "node": ">=12"
      },
      "funding": {
        "url": "https://dotenvx.com"
      }
    },
    "node_modules/dotevn": {
      "version": "0.0.1-security",
      "resolved": "https://registry.npmjs.org/dotevn/-/dotevn-0.0.1-security.tgz",
      "integrity": "sha512-Nn8WSgHR/bhXUgpTdt8FTD1/vx74348MBoHe15k9JVOFysu8glVFoCsCG0TZRKGzrcsfOrq3BlSxwuYCO74GrQ=="
    }
  }
}
